
Microsoft Visual Studio Solution File, Format Version 12.00
# Visual Studio Version 16
VisualStudioVersion = 16.0.28729.10
MinimumVisualStudioVersion = 10.0.40219.1
Project("{FAE04EC0-301F-11D3-BF4B-00C04F79EFBC}") = "MyMVC", "MyMVC\MyMVC.csproj", "{83414BB5-F686-4F0C-B6EB-1B1436449380}"
EndProject
Global
	GlobalSection(SolutionConfigurationPlatforms) = preSolution
		Debug|Any CPU = Debug|Any CPU
		Release|Any CPU = Release|Any CPU
	EndGlobalSection
	GlobalSection(ProjectConfigurationPlatforms) = postSolution
		{83414BB5-F686-4F0C-B6EB-1B1436449380}.Debug|Any CPU.ActiveCfg = Debug|Any CPU
		{83414BB5-F686-4F0C-B6EB-1B1436449380}.Debug|Any CPU.Build.0 = Debug|Any CPU
		{83414BB5-F686-4F0C-B6EB-1B1436449380}.Release|Any CPU.ActiveCfg = Release|Any CPU
		{83414BB5-F686-4F0C-B6EB-1B1436449380}.Release|Any CPU.Build.0 = Release|Any CPU
	EndGlobalSection
	GlobalSection(SolutionProperties) = preSolution
		HideSolutionNode = FALSE
	EndGlobalSection
	GlobalSection(ExtensibilityGlobals) = postSolution
		SolutionGuid = {68397952-81E4-4B10-996E-6A5AE7E2DDAC}
	EndGlobalSection
EndGlobal
